
Microsoft Visual Studio Solution File, Format Version 12.00
# Visual Studio Version 17
VisualStudioVersion = 17.0.31903.59
MinimumVisualStudioVersion = 10.0.40219.1
Project("{8BC9CEB8-8B4A-11D0-8D11-00A0C91BC942}") = "cccc", "cccc\cccc.vcxproj", "{271C3640-1916-4736-B07F-DABF0F3914DF}"
	ProjectSection(ProjectDependencies) = postProject
		{41A4761D-BA0D-47FF-83CA-F4445F7AEDE0} = {41A4761D-BA0D-47FF-83CA-F4445F7AEDE0}
	EndProjectSection
EndProject
Project("{8BC9CEB8-8B4A-11D0-8D11-00A0C91BC942}") = "cccc-windows", "cccc-windows\cccc-windows.vcxproj", "{4D42F1DC-AFF8-4F03-AF3A-8B2528D38D0F}"
	ProjectSection(ProjectDependencies) = postProject
		{271C3640-1916-4736-B07F-DABF0F3914DF} = {271C3640-1916-4736-B07F-DABF0F3914DF}
		{A5C5A5AE-E816-4189-9518-23190FDAC9AE} = {A5C5A5AE-E816-4189-9518-23190FDAC9AE}
	EndProjectSection
EndProject
Project("{8BC9CEB8-8B4A-11D0-8D11-00A0C91BC942}") = "cccc-cuda", "cccc-cuda\cccc-cuda.vcxproj", "{41A4761D-BA0D-47FF-83CA-F4445F7AEDE0}"
EndProject
Project("{8BC9CEB8-8B4A-11D0-8D11-00A0C91BC942}") = "cccc-mnist", "cccc-mnist\cccc-mnist.vcxproj", "{A5C5A5AE-E816-4189-9518-23190FDAC9AE}"
	ProjectSection(ProjectDependencies) = postProject
		{271C3640-1916-4736-B07F-DABF0F3914DF} = {271C3640-1916-4736-B07F-DABF0F3914DF}
	EndProjectSection
EndProject
Project("{2150E333-8FDC-42A3-9474-1A3956D46DE8}") = "addition", "addition", "{594C730B-AC78-45E6-A7E5-BC30DEC1CFB7}"
EndProject
Global
	GlobalSection(SolutionConfigurationPlatforms) = preSolution
		Debug|x64 = Debug|x64
		Release|x64 = Release|x64
	EndGlobalSection
	GlobalSection(ProjectConfigurationPlatforms) = postSolution
		{271C3640-1916-4736-B07F-DABF0F3914DF}.Debug|x64.ActiveCfg = Debug|x64
		{271C3640-1916-4736-B07F-DABF0F3914DF}.Debug|x64.Build.0 = Debug|x64
		{271C3640-1916-4736-B07F-DABF0F3914DF}.Release|x64.ActiveCfg = Release|x64
		{271C3640-1916-4736-B07F-DABF0F3914DF}.Release|x64.Build.0 = Release|x64
		{4D42F1DC-AFF8-4F03-AF3A-8B2528D38D0F}.Debug|x64.ActiveCfg = Debug|x64
		{4D42F1DC-AFF8-4F03-AF3A-8B2528D38D0F}.Debug|x64.Build.0 = Debug|x64
		{4D42F1DC-AFF8-4F03-AF3A-8B2528D38D0F}.Release|x64.ActiveCfg = Release|x64
		{4D42F1DC-AFF8-4F03-AF3A-8B2528D38D0F}.Release|x64.Build.0 = Release|x64
		{41A4761D-BA0D-47FF-83CA-F4445F7AEDE0}.Debug|x64.ActiveCfg = Debug|x64
		{41A4761D-BA0D-47FF-83CA-F4445F7AEDE0}.Debug|x64.Build.0 = Debug|x64
		{41A4761D-BA0D-47FF-83CA-F4445F7AEDE0}.Release|x64.ActiveCfg = Release|x64
		{41A4761D-BA0D-47FF-83CA-F4445F7AEDE0}.Release|x64.Build.0 = Release|x64
		{A5C5A5AE-E816-4189-9518-23190FDAC9AE}.Debug|x64.ActiveCfg = Debug|x64
		{A5C5A5AE-E816-4189-9518-23190FDAC9AE}.Debug|x64.Build.0 = Debug|x64
		{A5C5A5AE-E816-4189-9518-23190FDAC9AE}.Release|x64.ActiveCfg = Release|x64
		{A5C5A5AE-E816-4189-9518-23190FDAC9AE}.Release|x64.Build.0 = Release|x64
	EndGlobalSection
	GlobalSection(SolutionProperties) = preSolution
		HideSolutionNode = FALSE
	EndGlobalSection
	GlobalSection(NestedProjects) = preSolution
		{A5C5A5AE-E816-4189-9518-23190FDAC9AE} = {594C730B-AC78-45E6-A7E5-BC30DEC1CFB7}
	EndGlobalSection
	GlobalSection(ExtensibilityGlobals) = postSolution
		SolutionGuid = {9BF9770D-70D3-4C2A-B800-4BA6FD0EF3B6}
	EndGlobalSection
EndGlobal
