<?xml version="1.0" encoding="utf-8"?>
<Project ToolsVersion="4.0" xmlns="http://schemas.microsoft.com/developer/msbuild/2003">
  <ItemGroup>
    <Filter Include="base">
      <UniqueIdentifier>{e6a60d5c-664d-4817-bcf1-85ab3ff8dc78}</UniqueIdentifier>
    </Filter>
    <Filter Include="common">
      <UniqueIdentifier>{e12d9f9d-dbb5-4ea1-a636-3ce3e6908db5}</UniqueIdentifier>
    </Filter>
    <Filter Include="cuda">
      <UniqueIdentifier>{81cb7be8-6daa-48f2-99dd-17f39bfde5bc}</UniqueIdentifier>
    </Filter>
    <Filter Include="data">
      <UniqueIdentifier>{2a3933f8-115f-45e7-834d-0367a65f965c}</UniqueIdentifier>
      <Extensions>Data*.*</Extensions>
    </Filter>
    <Filter Include="math">
      <UniqueIdentifier>{b1000c3a-726a-497c-b4f3-7bde70c0545f}</UniqueIdentifier>
    </Filter>
    <Filter Include="matrix">
      <UniqueIdentifier>{7d95de28-1607-45df-8a8e-d11c06a3cadf}</UniqueIdentifier>
      <Extensions>Matrix*.*</Extensions>
    </Filter>
    <Filter Include="net">
      <UniqueIdentifier>{3b64f97b-b7f4-4b47-8fe8-199b9b17969a}</UniqueIdentifier>
    </Filter>
    <Filter Include="option">
      <UniqueIdentifier>{8b6e00fa-12c4-4110-8076-633dc67bf76c}</UniqueIdentifier>
    </Filter>
    <Filter Include="save">
      <UniqueIdentifier>{0c2e2ddb-2ad6-44e6-b686-f10063927baa}</UniqueIdentifier>
    </Filter>
    <Filter Include="solver">
      <UniqueIdentifier>{5fef8200-bbaa-48fe-9413-48c583ea301f}</UniqueIdentifier>
    </Filter>
    <Filter Include="neural">
      <UniqueIdentifier>{0b817fea-8808-42c4-8adb-6c357148dd45}</UniqueIdentifier>
    </Filter>
    <Filter Include="factory">
      <UniqueIdentifier>{71e9b830-9e2b-4b54-ab4d-655125b74cff}</UniqueIdentifier>
    </Filter>
    <Filter Include="log">
      <UniqueIdentifier>{10d40fd4-64a0-4ad4-a1d4-7efa8c00de09}</UniqueIdentifier>
    </Filter>
  </ItemGroup>
  <ItemGroup>
    <ClCompile Include="Matrix.cpp">
      <Filter>matrix</Filter>
    </ClCompile>
    <ClCompile Include="Option.cpp">
      <Filter>option</Filter>
    </ClCompile>
    <ClCompile Include="cuda_hack.cpp">
      <Filter>cuda</Filter>
    </ClCompile>
    <ClCompile Include="cublas_real.cpp">
      <Filter>math</Filter>
    </ClCompile>
    <ClCompile Include="MatrixExtend.cpp">
      <Filter>matrix</Filter>
    </ClCompile>
    <ClCompile Include="Net.cpp">
      <Filter>net</Filter>
    </ClCompile>
    <ClCompile Include="MatrixOperator.cpp">
      <Filter>matrix</Filter>
    </ClCompile>
    <ClCompile Include="Solver.cpp">
      <Filter>solver</Filter>
    </ClCompile>
    <ClCompile Include="DataPreparer.cpp">
      <Filter>data</Filter>
    </ClCompile>
    <ClCompile Include="DataPreparerImage.cpp">
      <Filter>data</Filter>
    </ClCompile>
    <ClCompile Include="..\..\common\convert.cpp">
      <Filter>common</Filter>
    </ClCompile>
    <ClCompile Include="..\..\common\File.cpp">
      <Filter>common</Filter>
    </ClCompile>
    <ClCompile Include="Neural.cpp">
      <Filter>neural</Filter>
    </ClCompile>
    <ClCompile Include="Factory.cpp">
      <Filter>factory</Filter>
    </ClCompile>
    <ClCompile Include="CudaControl.cpp">
      <Filter>cuda</Filter>
    </ClCompile>
    <ClCompile Include="Log.cpp">
      <Filter>log</Filter>
    </ClCompile>
    <ClCompile Include="NetCifa.cpp">
      <Filter>net</Filter>
    </ClCompile>
    <ClCompile Include="..\..\cifa\cifa\Cifa.cpp">
      <Filter>net</Filter>
    </ClCompile>
  </ItemGroup>
  <ItemGroup>
    <ClInclude Include="Matrix.h">
      <Filter>matrix</Filter>
    </ClInclude>
    <ClInclude Include="VectorMath.h">
      <Filter>math</Filter>
    </ClInclude>
    <ClInclude Include="types.h">
      <Filter>base</Filter>
    </ClInclude>
    <ClInclude Include="Option.h">
      <Filter>option</Filter>
    </ClInclude>
    <ClInclude Include="cuda_hack.h">
      <Filter>cuda</Filter>
    </ClInclude>
    <ClInclude Include="blas_types.h">
      <Filter>math</Filter>
    </ClInclude>
    <ClInclude Include="cublas_real.h">
      <Filter>math</Filter>
    </ClInclude>
    <ClInclude Include="cblas_real.h">
      <Filter>math</Filter>
    </ClInclude>
    <ClInclude Include="cuda_half_hack.h">
      <Filter>cuda</Filter>
    </ClInclude>
    <ClInclude Include="MatrixExtend.h">
      <Filter>matrix</Filter>
    </ClInclude>
    <ClInclude Include="Net.h">
      <Filter>net</Filter>
    </ClInclude>
    <ClInclude Include="Neural.h">
      <Filter>neural</Filter>
    </ClInclude>
    <ClInclude Include="MatrixOperator.h">
      <Filter>matrix</Filter>
    </ClInclude>
    <ClInclude Include="Solver.h">
      <Filter>solver</Filter>
    </ClInclude>
    <ClInclude Include="DataPreparer.h">
      <Filter>data</Filter>
    </ClInclude>
    <ClInclude Include="DataPreparerImage.h">
      <Filter>data</Filter>
    </ClInclude>
    <ClInclude Include="..\..\common\ConsoleControl.h">
      <Filter>common</Filter>
    </ClInclude>
    <ClInclude Include="..\..\common\convert.h">
      <Filter>common</Filter>
    </ClInclude>
    <ClInclude Include="..\..\common\DynamicLibrary.h">
      <Filter>common</Filter>
    </ClInclude>
    <ClInclude Include="..\..\common\File.h">
      <Filter>common</Filter>
    </ClInclude>
    <ClInclude Include="..\..\common\INIReader.h">
      <Filter>common</Filter>
    </ClInclude>
    <ClInclude Include="..\..\common\Random.h">
      <Filter>common</Filter>
    </ClInclude>
    <ClInclude Include="..\..\common\Timer.h">
      <Filter>common</Filter>
    </ClInclude>
    <ClInclude Include="Factory.h">
      <Filter>factory</Filter>
    </ClInclude>
    <ClInclude Include="CudaControl.h">
      <Filter>cuda</Filter>
    </ClInclude>
    <ClInclude Include="Log.h">
      <Filter>log</Filter>
    </ClInclude>
    <ClInclude Include="dll_export.h">
      <Filter>base</Filter>
    </ClInclude>
    <ClInclude Include="NetCifa.h">
      <Filter>net</Filter>
    </ClInclude>
    <ClInclude Include="..\..\cifa\cifa\Cifa.h">
      <Filter>net</Filter>
    </ClInclude>
  </ItemGroup>
  <ItemGroup>
    <Text Include="..\CMakeLists.txt" />
    <Text Include="CMakeLists.txt" />
  </ItemGroup>
  <ItemGroup>
    <None Include="..\..\README.md" />
  </ItemGroup>
</Project>