<?xml version="1.0" encoding="utf-8"?>
<Project ToolsVersion="4.0" xmlns="http://schemas.microsoft.com/developer/msbuild/2003">
  <ItemGroup>
    <Filter Include="include">
      <UniqueIdentifier>{90a7b465-28b4-4b3e-8b54-a57d71d3d271}</UniqueIdentifier>
    </Filter>
    <Filter Include="sources">
      <UniqueIdentifier>{4FC737F1-C7A5-4376-A066-2A32D752A2FF}</UniqueIdentifier>
      <Extensions>cpp;c;cc;cxx;def;odl;idl;hpj;bat;asm;asmx</Extensions>
    </Filter>
    <Filter Include="base">
      <UniqueIdentifier>{e6a60d5c-664d-4817-bcf1-85ab3ff8dc78}</UniqueIdentifier>
    </Filter>
    <Filter Include="brain">
      <UniqueIdentifier>{0b817fea-8808-42c4-8adb-6c357148dd45}</UniqueIdentifier>
    </Filter>
    <Filter Include="data">
      <UniqueIdentifier>{2a3933f8-115f-45e7-834d-0367a65f965c}</UniqueIdentifier>
      <Extensions>Data*.*</Extensions>
    </Filter>
    <Filter Include="layer">
      <UniqueIdentifier>{6625ebba-819f-41bf-8501-72e44f10b3a5}</UniqueIdentifier>
      <Extensions>Layer*.*</Extensions>
    </Filter>
    <Filter Include="math">
      <UniqueIdentifier>{b1000c3a-726a-497c-b4f3-7bde70c0545f}</UniqueIdentifier>
    </Filter>
    <Filter Include="matrix">
      <UniqueIdentifier>{7d95de28-1607-45df-8a8e-d11c06a3cadf}</UniqueIdentifier>
      <Extensions>Matrix*.*</Extensions>
    </Filter>
    <Filter Include="net">
      <UniqueIdentifier>{3b64f97b-b7f4-4b47-8fe8-199b9b17969a}</UniqueIdentifier>
    </Filter>
    <Filter Include="option">
      <UniqueIdentifier>{8b6e00fa-12c4-4110-8076-633dc67bf76c}</UniqueIdentifier>
    </Filter>
    <Filter Include="solver">
      <UniqueIdentifier>{5fef8200-bbaa-48fe-9413-48c583ea301f}</UniqueIdentifier>
    </Filter>
    <Filter Include="log">
      <UniqueIdentifier>{701564cd-bff1-4f2a-9973-02b5596c730e}</UniqueIdentifier>
    </Filter>
    <Filter Include="predict">
      <UniqueIdentifier>{3f9ecb0c-a7d1-4b0c-b70d-8e209e326922}</UniqueIdentifier>
    </Filter>
    <Filter Include="mlcc">
      <UniqueIdentifier>{e12d9f9d-dbb5-4ea1-a636-3ce3e6908db5}</UniqueIdentifier>
    </Filter>
    <Filter Include="gpu">
      <UniqueIdentifier>{81cb7be8-6daa-48f2-99dd-17f39bfde5bc}</UniqueIdentifier>
    </Filter>
  </ItemGroup>
  <ItemGroup>
    <ClCompile Include="DataPreparer.cpp">
      <Filter>data</Filter>
    </ClCompile>
    <ClCompile Include="Matrix.cpp">
      <Filter>matrix</Filter>
    </ClCompile>
    <ClCompile Include="Brain.cpp">
      <Filter>brain</Filter>
    </ClCompile>
    <ClCompile Include="Option.cpp">
      <Filter>option</Filter>
    </ClCompile>
    <ClCompile Include="DataPreparerImage.cpp">
      <Filter>data</Filter>
    </ClCompile>
    <ClCompile Include="DataPreparerTxt.cpp">
      <Filter>data</Filter>
    </ClCompile>
    <ClCompile Include="Solver.cpp">
      <Filter>solver</Filter>
    </ClCompile>
    <ClCompile Include="DataPreparerFactory.cpp">
      <Filter>data</Filter>
    </ClCompile>
    <ClCompile Include="NetLayer.cpp">
      <Filter>net</Filter>
    </ClCompile>
    <ClCompile Include="Net.cpp">
      <Filter>net</Filter>
    </ClCompile>
    <ClCompile Include="NetCifa.cpp">
      <Filter>net</Filter>
    </ClCompile>
    <ClCompile Include="GpuControl.cpp">
      <Filter>gpu</Filter>
    </ClCompile>
    <ClCompile Include="Layer.cpp">
      <Filter>layer</Filter>
    </ClCompile>
    <ClCompile Include="MatrixOp.cpp">
      <Filter>matrix</Filter>
    </ClCompile>
    <ClCompile Include="MatrixEx.cpp">
      <Filter>matrix</Filter>
    </ClCompile>
    <ClCompile Include="MatrixData.cpp">
      <Filter>matrix</Filter>
    </ClCompile>
    <ClCompile Include="gpu_lib.cpp">
      <Filter>gpu</Filter>
    </ClCompile>
    <ClCompile Include="predict.cpp">
      <Filter>predict</Filter>
    </ClCompile>
    <ClCompile Include="..\..\mlcc\Cifa.cpp">
      <Filter>mlcc</Filter>
    </ClCompile>
    <ClCompile Include="..\..\mlcc\strfunc.cpp">
      <Filter>mlcc</Filter>
    </ClCompile>
    <ClCompile Include="..\..\mlcc\filefunc.cpp">
      <Filter>mlcc</Filter>
    </ClCompile>
  </ItemGroup>
  <ItemGroup>
    <ClInclude Include="DataPreparer.h">
      <Filter>data</Filter>
    </ClInclude>
    <ClInclude Include="Matrix.h">
      <Filter>matrix</Filter>
    </ClInclude>
    <ClInclude Include="VectorMath.h">
      <Filter>math</Filter>
    </ClInclude>
    <ClInclude Include="Brain.h">
      <Filter>brain</Filter>
    </ClInclude>
    <ClInclude Include="types.h">
      <Filter>base</Filter>
    </ClInclude>
    <ClInclude Include="Option.h">
      <Filter>option</Filter>
    </ClInclude>
    <ClInclude Include="DataPreparerImage.h">
      <Filter>data</Filter>
    </ClInclude>
    <ClInclude Include="DataPreparerTxt.h">
      <Filter>data</Filter>
    </ClInclude>
    <ClInclude Include="Solver.h">
      <Filter>solver</Filter>
    </ClInclude>
    <ClInclude Include="DataPreparerFactory.h">
      <Filter>data</Filter>
    </ClInclude>
    <ClInclude Include="blas_types.h">
      <Filter>math</Filter>
    </ClInclude>
    <ClInclude Include="cublas_real.h">
      <Filter>math</Filter>
    </ClInclude>
    <ClInclude Include="cblas_real.h">
      <Filter>math</Filter>
    </ClInclude>
    <ClInclude Include="cuda_half_hack.h">
      <Filter>gpu</Filter>
    </ClInclude>
    <ClInclude Include="dll_export.h">
      <Filter>base</Filter>
    </ClInclude>
    <ClInclude Include="Netlayer.h">
      <Filter>net</Filter>
    </ClInclude>
    <ClInclude Include="Net.h">
      <Filter>net</Filter>
    </ClInclude>
    <ClInclude Include="NetCifa.h">
      <Filter>net</Filter>
    </ClInclude>
    <ClInclude Include="GpuControl.h">
      <Filter>gpu</Filter>
    </ClInclude>
    <ClInclude Include="Layer.h">
      <Filter>layer</Filter>
    </ClInclude>
    <ClInclude Include="MatrixOp.h">
      <Filter>matrix</Filter>
    </ClInclude>
    <ClInclude Include="MatrixEx.h">
      <Filter>matrix</Filter>
    </ClInclude>
    <ClInclude Include="MatrixData.h">
      <Filter>matrix</Filter>
    </ClInclude>
    <ClInclude Include="gpu_lib.h">
      <Filter>gpu</Filter>
    </ClInclude>
    <ClInclude Include="Log.h">
      <Filter>log</Filter>
    </ClInclude>
    <ClInclude Include="predict.h">
      <Filter>predict</Filter>
    </ClInclude>
    <ClInclude Include="resource.h" />
    <ClInclude Include="..\..\mlcc\Random.h">
      <Filter>mlcc</Filter>
    </ClInclude>
    <ClInclude Include="..\..\mlcc\SimpleBuffer.h">
      <Filter>mlcc</Filter>
    </ClInclude>
    <ClInclude Include="..\..\mlcc\Timer.h">
      <Filter>mlcc</Filter>
    </ClInclude>
    <ClInclude Include="..\..\mlcc\Cifa.h">
      <Filter>mlcc</Filter>
    </ClInclude>
    <ClInclude Include="..\..\mlcc\ConsoleControl.h">
      <Filter>mlcc</Filter>
    </ClInclude>
    <ClInclude Include="..\..\mlcc\strfunc.h">
      <Filter>mlcc</Filter>
    </ClInclude>
    <ClInclude Include="..\..\mlcc\DynamicLibrary.h">
      <Filter>mlcc</Filter>
    </ClInclude>
    <ClInclude Include="..\..\mlcc\filefunc.h">
      <Filter>mlcc</Filter>
    </ClInclude>
    <ClInclude Include="..\..\mlcc\fmt1.h">
      <Filter>mlcc</Filter>
    </ClInclude>
    <ClInclude Include="..\..\mlcc\INIReader.h">
      <Filter>mlcc</Filter>
    </ClInclude>
    <ClInclude Include="math_supplement.h">
      <Filter>math</Filter>
    </ClInclude>
    <ClInclude Include="rocblas_real.h">
      <Filter>math</Filter>
    </ClInclude>
    <ClInclude Include="..\..\mlcc\INIReaderBin.h">
      <Filter>mlcc</Filter>
    </ClInclude>
    <ClInclude Include="hip_libs.inc">
      <Filter>gpu</Filter>
    </ClInclude>
  </ItemGroup>
  <ItemGroup>
    <Text Include="..\CMakeLists.txt" />
    <Text Include="CMakeLists.txt" />
  </ItemGroup>
  <ItemGroup>
    <None Include="..\..\README.md" />
    <None Include="cuda_libs.inc">
      <Filter>gpu</Filter>
    </None>
  </ItemGroup>
  <ItemGroup>
    <ResourceCompile Include="cccc.rc" />
  </ItemGroup>
</Project>